
Microsoft Visual Studio Solution File, Format Version 12.00
# Visual Studio Version 17
VisualStudioVersion = 17.13.36105.23
MinimumVisualStudioVersion = 10.0.40219.1
Project("{FAE04EC0-301F-11D3-BF4B-00C04F79EFBC}") = "BancoAna_ContaCorrente", "BancoAna_ContaCorrente\BancoAna_ContaCorrente.csproj", "{FB6F69C0-1E4F-4920-94E7-379F757BF4CB}"
EndProject
Project("{FAE04EC0-301F-11D3-BF4B-00C04F79EFBC}") = "Application", "Application\Application.csproj", "{F102C568-3133-4342-B40B-849299E23936}"
EndProject
Project("{FAE04EC0-301F-11D3-BF4B-00C04F79EFBC}") = "Domain", "Domain\Domain.csproj", "{222632BB-C32D-4BB8-B68A-6CFA5CCE69D0}"
EndProject
Project("{FAE04EC0-301F-11D3-BF4B-00C04F79EFBC}") = "Infrastructure", "Infrastructure\Infrastructure.csproj", "{54330A43-FBB6-4C81-8C22-6ACFCF837124}"
EndProject
Global
	GlobalSection(SolutionConfigurationPlatforms) = preSolution
		Debug|Any CPU = Debug|Any CPU
		Debug|x64 = Debug|x64
		Debug|x86 = Debug|x86
		Release|Any CPU = Release|Any CPU
		Release|x64 = Release|x64
		Release|x86 = Release|x86
	EndGlobalSection
	GlobalSection(ProjectConfigurationPlatforms) = postSolution
		{FB6F69C0-1E4F-4920-94E7-379F757BF4CB}.Debug|Any CPU.ActiveCfg = Debug|Any CPU
		{FB6F69C0-1E4F-4920-94E7-379F757BF4CB}.Debug|Any CPU.Build.0 = Debug|Any CPU
		{FB6F69C0-1E4F-4920-94E7-379F757BF4CB}.Debug|x64.ActiveCfg = Debug|Any CPU
		{FB6F69C0-1E4F-4920-94E7-379F757BF4CB}.Debug|x64.Build.0 = Debug|Any CPU
		{FB6F69C0-1E4F-4920-94E7-379F757BF4CB}.Debug|x86.ActiveCfg = Debug|Any CPU
		{FB6F69C0-1E4F-4920-94E7-379F757BF4CB}.Debug|x86.Build.0 = Debug|Any CPU
		{FB6F69C0-1E4F-4920-94E7-379F757BF4CB}.Release|Any CPU.ActiveCfg = Release|Any CPU
		{FB6F69C0-1E4F-4920-94E7-379F757BF4CB}.Release|Any CPU.Build.0 = Release|Any CPU
		{FB6F69C0-1E4F-4920-94E7-379F757BF4CB}.Release|x64.ActiveCfg = Release|Any CPU
		{FB6F69C0-1E4F-4920-94E7-379F757BF4CB}.Release|x64.Build.0 = Release|Any CPU
		{FB6F69C0-1E4F-4920-94E7-379F757BF4CB}.Release|x86.ActiveCfg = Release|Any CPU
		{FB6F69C0-1E4F-4920-94E7-379F757BF4CB}.Release|x86.Build.0 = Release|Any CPU
		{F102C568-3133-4342-B40B-849299E23936}.Debug|Any CPU.ActiveCfg = Debug|Any CPU
		{F102C568-3133-4342-B40B-849299E23936}.Debug|Any CPU.Build.0 = Debug|Any CPU
		{F102C568-3133-4342-B40B-849299E23936}.Debug|x64.ActiveCfg = Debug|Any CPU
		{F102C568-3133-4342-B40B-849299E23936}.Debug|x64.Build.0 = Debug|Any CPU
		{F102C568-3133-4342-B40B-849299E23936}.Debug|x86.ActiveCfg = Debug|Any CPU
		{F102C568-3133-4342-B40B-849299E23936}.Debug|x86.Build.0 = Debug|Any CPU
		{F102C568-3133-4342-B40B-849299E23936}.Release|Any CPU.ActiveCfg = Release|Any CPU
		{F102C568-3133-4342-B40B-849299E23936}.Release|Any CPU.Build.0 = Release|Any CPU
		{F102C568-3133-4342-B40B-849299E23936}.Release|x64.ActiveCfg = Release|Any CPU
		{F102C568-3133-4342-B40B-849299E23936}.Release|x64.Build.0 = Release|Any CPU
		{F102C568-3133-4342-B40B-849299E23936}.Release|x86.ActiveCfg = Release|Any CPU
		{F102C568-3133-4342-B40B-849299E23936}.Release|x86.Build.0 = Release|Any CPU
		{222632BB-C32D-4BB8-B68A-6CFA5CCE69D0}.Debug|Any CPU.ActiveCfg = Debug|Any CPU
		{222632BB-C32D-4BB8-B68A-6CFA5CCE69D0}.Debug|Any CPU.Build.0 = Debug|Any CPU
		{222632BB-C32D-4BB8-B68A-6CFA5CCE69D0}.Debug|x64.ActiveCfg = Debug|Any CPU
		{222632BB-C32D-4BB8-B68A-6CFA5CCE69D0}.Debug|x64.Build.0 = Debug|Any CPU
		{222632BB-C32D-4BB8-B68A-6CFA5CCE69D0}.Debug|x86.ActiveCfg = Debug|Any CPU
		{222632BB-C32D-4BB8-B68A-6CFA5CCE69D0}.Debug|x86.Build.0 = Debug|Any CPU
		{222632BB-C32D-4BB8-B68A-6CFA5CCE69D0}.Release|Any CPU.ActiveCfg = Release|Any CPU
		{222632BB-C32D-4BB8-B68A-6CFA5CCE69D0}.Release|Any CPU.Build.0 = Release|Any CPU
		{222632BB-C32D-4BB8-B68A-6CFA5CCE69D0}.Release|x64.ActiveCfg = Release|Any CPU
		{222632BB-C32D-4BB8-B68A-6CFA5CCE69D0}.Release|x64.Build.0 = Release|Any CPU
		{222632BB-C32D-4BB8-B68A-6CFA5CCE69D0}.Release|x86.ActiveCfg = Release|Any CPU
		{222632BB-C32D-4BB8-B68A-6CFA5CCE69D0}.Release|x86.Build.0 = Release|Any CPU
		{54330A43-FBB6-4C81-8C22-6ACFCF837124}.Debug|Any CPU.ActiveCfg = Debug|Any CPU
		{54330A43-FBB6-4C81-8C22-6ACFCF837124}.Debug|Any CPU.Build.0 = Debug|Any CPU
		{54330A43-FBB6-4C81-8C22-6ACFCF837124}.Debug|x64.ActiveCfg = Debug|Any CPU
		{54330A43-FBB6-4C81-8C22-6ACFCF837124}.Debug|x64.Build.0 = Debug|Any CPU
		{54330A43-FBB6-4C81-8C22-6ACFCF837124}.Debug|x86.ActiveCfg = Debug|Any CPU
		{54330A43-FBB6-4C81-8C22-6ACFCF837124}.Debug|x86.Build.0 = Debug|Any CPU
		{54330A43-FBB6-4C81-8C22-6ACFCF837124}.Release|Any CPU.ActiveCfg = Release|Any CPU
		{54330A43-FBB6-4C81-8C22-6ACFCF837124}.Release|Any CPU.Build.0 = Release|Any CPU
		{54330A43-FBB6-4C81-8C22-6ACFCF837124}.Release|x64.ActiveCfg = Release|Any CPU
		{54330A43-FBB6-4C81-8C22-6ACFCF837124}.Release|x64.Build.0 = Release|Any CPU
		{54330A43-FBB6-4C81-8C22-6ACFCF837124}.Release|x86.ActiveCfg = Release|Any CPU
		{54330A43-FBB6-4C81-8C22-6ACFCF837124}.Release|x86.Build.0 = Release|Any CPU
	EndGlobalSection
	GlobalSection(SolutionProperties) = preSolution
		HideSolutionNode = FALSE
	EndGlobalSection
	GlobalSection(ExtensibilityGlobals) = postSolution
		SolutionGuid = {B54D803C-B62F-41ED-9A72-97CDB723F1BA}
	EndGlobalSection
EndGlobal
